// !$*UTF8*$!
{
	archiveVersion = 1;
	classes = {
	};
	objectVersion = 51;
	objects = {

/* Begin PBXBuildFile section */
		3D262C6F2508A981009A5288 /* TimeSeatCollectionViewCell.swift in Sources */ = {isa = PBXBuildFile; fileRef = 3D262C6D2508A981009A5288 /* TimeSeatCollectionViewCell.swift */; };
		3D262C702508A981009A5288 /* TimeSeatCollectionViewCell.xib in Resources */ = {isa = PBXBuildFile; fileRef = 3D262C6E2508A981009A5288 /* TimeSeatCollectionViewCell.xib */; };
		3D262C762508B554009A5288 /* ReserViewController.xib in Resources */ = {isa = PBXBuildFile; fileRef = 3D262C742508B554009A5288 /* ReserViewController.xib */; };
		3D262C782508B925009A5288 /* SheetViewReserController.swift in Sources */ = {isa = PBXBuildFile; fileRef = 3D262C772508B925009A5288 /* SheetViewReserController.swift */; };
		3D262C7A2508BF76009A5288 /* ReserViewController.swift in Sources */ = {isa = PBXBuildFile; fileRef = 3D262C792508BF76009A5288 /* ReserViewController.swift */; };
		3D2D39FA250A3DCC00B1B6D4 /* GetUserNameDataManager.swift in Sources */ = {isa = PBXBuildFile; fileRef = 3D2D39F9250A3DCC00B1B6D4 /* GetUserNameDataManager.swift */; };
		3D2D39FF250A3F8900B1B6D4 /* GetNameResultResponse.swift in Sources */ = {isa = PBXBuildFile; fileRef = 3D2D39FE250A3F8900B1B6D4 /* GetNameResultResponse.swift */; };
		3D2D3A04250A58AE00B1B6D4 /* KakaopayViewController.swift in Sources */ = {isa = PBXBuildFile; fileRef = 3D2D3A02250A58AE00B1B6D4 /* KakaopayViewController.swift */; };
		3D2D3A05250A58AE00B1B6D4 /* KakaopayViewController.xib in Resources */ = {isa = PBXBuildFile; fileRef = 3D2D3A03250A58AE00B1B6D4 /* KakaopayViewController.xib */; };
		3D2D3A07250A5B9600B1B6D4 /* WebKit.framework in Frameworks */ = {isa = PBXBuildFile; fileRef = 3D2D3A06250A5B9600B1B6D4 /* WebKit.framework */; };
		3D3169AB250172F700925D10 /* ResultResponse.swift in Sources */ = {isa = PBXBuildFile; fileRef = 3D3169AA250172F700925D10 /* ResultResponse.swift */; };
		3D3169AD2501735900925D10 /* SignUpDataManager.swift in Sources */ = {isa = PBXBuildFile; fileRef = 3D3169AC2501735900925D10 /* SignUpDataManager.swift */; };
		3D4BC24425025F9D00252FD7 /* LoginModel.swift in Sources */ = {isa = PBXBuildFile; fileRef = 3D4BC24325025F9D00252FD7 /* LoginModel.swift */; };
		3D59191E24FAD6C6005CEAB6 /* HomeViewController.swift in Sources */ = {isa = PBXBuildFile; fileRef = 3D59191C24FAD6C6005CEAB6 /* HomeViewController.swift */; };
		3D59191F24FAD6C6005CEAB6 /* HomeViewController.xib in Resources */ = {isa = PBXBuildFile; fileRef = 3D59191D24FAD6C6005CEAB6 /* HomeViewController.xib */; };
		3D59192124FAF72C005CEAB6 /* SlideRight.swift in Sources */ = {isa = PBXBuildFile; fileRef = 3D59192024FAF72C005CEAB6 /* SlideRight.swift */; };
		3D5B15A32505E8DE0072C8D2 /* SheetViewControllerHome.swift in Sources */ = {isa = PBXBuildFile; fileRef = 3D5B15A22505E8DE0072C8D2 /* SheetViewControllerHome.swift */; };
		3D5B15A62505E90A0072C8D2 /* ContainerHomeViewController.swift in Sources */ = {isa = PBXBuildFile; fileRef = 3D5B15A42505E90A0072C8D2 /* ContainerHomeViewController.swift */; };
		3D5B15A72505E90A0072C8D2 /* ContainerHomeViewController.xib in Resources */ = {isa = PBXBuildFile; fileRef = 3D5B15A52505E90A0072C8D2 /* ContainerHomeViewController.xib */; };
		3D5B15AA2506289D0072C8D2 /* SignUpModel.swift in Sources */ = {isa = PBXBuildFile; fileRef = 3D5B15A92506289D0072C8D2 /* SignUpModel.swift */; };
		3D5B15AC250677B40072C8D2 /* SendPhoneAuthDataManager.swift in Sources */ = {isa = PBXBuildFile; fileRef = 3D5B15AB250677B40072C8D2 /* SendPhoneAuthDataManager.swift */; };
		3D5B15AE250678250072C8D2 /* AuthModel.swift in Sources */ = {isa = PBXBuildFile; fileRef = 3D5B15AD250678250072C8D2 /* AuthModel.swift */; };
		3D5B15B025068CE80072C8D2 /* PhoneAuth.swift in Sources */ = {isa = PBXBuildFile; fileRef = 3D5B15AF25068CE80072C8D2 /* PhoneAuth.swift */; };
		3D5B15B225068D4F0072C8D2 /* PhoneAuthDataManager.swift in Sources */ = {isa = PBXBuildFile; fileRef = 3D5B15B125068D4F0072C8D2 /* PhoneAuthDataManager.swift */; };
		3D5B15BA25075E760072C8D2 /* MovieCollectionViewCell.swift in Sources */ = {isa = PBXBuildFile; fileRef = 3D5B15B825075E760072C8D2 /* MovieCollectionViewCell.swift */; };
		3D5B15BB25075E760072C8D2 /* MovieCollectionViewCell.xib in Resources */ = {isa = PBXBuildFile; fileRef = 3D5B15B925075E760072C8D2 /* MovieCollectionViewCell.xib */; };
		3D5B15BE25076CDD0072C8D2 /* MoviePosterModel.swift in Sources */ = {isa = PBXBuildFile; fileRef = 3D5B15BD25076CDD0072C8D2 /* MoviePosterModel.swift */; };
		3D5B15C125076D190072C8D2 /* MoviePosterResultResponse.swift in Sources */ = {isa = PBXBuildFile; fileRef = 3D5B15C025076D190072C8D2 /* MoviePosterResultResponse.swift */; };
		3D5B15C425076F450072C8D2 /* GetPosterDataManager.swift in Sources */ = {isa = PBXBuildFile; fileRef = 3D5B15C325076F450072C8D2 /* GetPosterDataManager.swift */; };
		3D5B15C82507A9B00072C8D2 /* TopTapViewController.swift in Sources */ = {isa = PBXBuildFile; fileRef = 3D5B15C62507A9B00072C8D2 /* TopTapViewController.swift */; };
		3D5B15C92507A9B00072C8D2 /* TopTapViewController.xib in Resources */ = {isa = PBXBuildFile; fileRef = 3D5B15C72507A9B00072C8D2 /* TopTapViewController.xib */; };
		3D5CB1F124FE0FE000A12CF7 /* LInputViewController.swift in Sources */ = {isa = PBXBuildFile; fileRef = 3D5CB1EF24FE0FE000A12CF7 /* LInputViewController.swift */; };
		3D5CB1F224FE0FE000A12CF7 /* LInputViewController.xib in Resources */ = {isa = PBXBuildFile; fileRef = 3D5CB1F024FE0FE000A12CF7 /* LInputViewController.xib */; };
		3D5CB1F624FE17B900A12CF7 /* CJ1ViewController.swift in Sources */ = {isa = PBXBuildFile; fileRef = 3D5CB1F424FE17B900A12CF7 /* CJ1ViewController.swift */; };
		3D5CB1F724FE17B900A12CF7 /* CJ1ViewController.xib in Resources */ = {isa = PBXBuildFile; fileRef = 3D5CB1F524FE17B900A12CF7 /* CJ1ViewController.xib */; };
		3D5DAD8D250B7E3D00FFAE96 /* CheckBox.swift in Sources */ = {isa = PBXBuildFile; fileRef = 3D5DAD8C250B7E3D00FFAE96 /* CheckBox.swift */; };
		3D5DAD91250B971B00FFAE96 /* TokenModel.swift in Sources */ = {isa = PBXBuildFile; fileRef = 3D5DAD90250B971B00FFAE96 /* TokenModel.swift */; };
		3D617F4924FFBEE200EF92E0 /* TheaterRViewController.swift in Sources */ = {isa = PBXBuildFile; fileRef = 3D617F4724FFBEE200EF92E0 /* TheaterRViewController.swift */; };
		3D617F4A24FFBEE200EF92E0 /* TheaterRViewController.xib in Resources */ = {isa = PBXBuildFile; fileRef = 3D617F4824FFBEE200EF92E0 /* TheaterRViewController.xib */; };
		3D617F4D24FFC21700EF92E0 /* TheaterRMainViewController.swift in Sources */ = {isa = PBXBuildFile; fileRef = 3D617F4B24FFC21700EF92E0 /* TheaterRMainViewController.swift */; };
		3D617F4E24FFC21700EF92E0 /* TheaterRMainViewController.xib in Resources */ = {isa = PBXBuildFile; fileRef = 3D617F4C24FFC21700EF92E0 /* TheaterRMainViewController.xib */; };
		3D617F562500B22100EF92E0 /* BottomSheetUsingFrames.swift in Sources */ = {isa = PBXBuildFile; fileRef = 3D617F552500B22100EF92E0 /* BottomSheetUsingFrames.swift */; };
		3D617F582500B28600EF92E0 /* BottomSheetLauncher.swift in Sources */ = {isa = PBXBuildFile; fileRef = 3D617F572500B28600EF92E0 /* BottomSheetLauncher.swift */; };
		3D617F5A2500B2B600EF92E0 /* NotchView.swift in Sources */ = {isa = PBXBuildFile; fileRef = 3D617F592500B2B600EF92E0 /* NotchView.swift */; };
		3D617F5E2500B33900EF92E0 /* UIViewController+Extension.swift in Sources */ = {isa = PBXBuildFile; fileRef = 3D617F5D2500B33900EF92E0 /* UIViewController+Extension.swift */; };
		3D617F602500B3C300EF92E0 /* NotchViewController.swift in Sources */ = {isa = PBXBuildFile; fileRef = 3D617F5F2500B3C300EF92E0 /* NotchViewController.swift */; };
		3D617F642500B45700EF92E0 /* SheetViewController.swift in Sources */ = {isa = PBXBuildFile; fileRef = 3D617F632500B45700EF92E0 /* SheetViewController.swift */; };
		3D617F672500C05F00EF92E0 /* ContainerViewController.swift in Sources */ = {isa = PBXBuildFile; fileRef = 3D617F652500C05F00EF92E0 /* ContainerViewController.swift */; };
		3D617F682500C05F00EF92E0 /* ContainerViewController.xib in Resources */ = {isa = PBXBuildFile; fileRef = 3D617F662500C05F00EF92E0 /* ContainerViewController.xib */; };
		3D617F6B250120C200EF92E0 /* SignInDataManager.swift in Sources */ = {isa = PBXBuildFile; fileRef = 3D617F6A250120C200EF92E0 /* SignInDataManager.swift */; };
		3D663363250B3BFB004634CC /* TopImageCollectionViewCell.swift in Sources */ = {isa = PBXBuildFile; fileRef = 3D663361250B3BFB004634CC /* TopImageCollectionViewCell.swift */; };
		3D663364250B3BFB004634CC /* TopImageCollectionViewCell.xib in Resources */ = {isa = PBXBuildFile; fileRef = 3D663362250B3BFB004634CC /* TopImageCollectionViewCell.xib */; };
		3D663369250B46DA004634CC /* ChartCollectionViewCell.swift in Sources */ = {isa = PBXBuildFile; fileRef = 3D663367250B46DA004634CC /* ChartCollectionViewCell.swift */; };
		3D66336A250B46DA004634CC /* ChartCollectionViewCell.xib in Resources */ = {isa = PBXBuildFile; fileRef = 3D663368250B46DA004634CC /* ChartCollectionViewCell.xib */; };
		3D71E50F24FAC6020061B556 /* LogInMenuViewController.swift in Sources */ = {isa = PBXBuildFile; fileRef = 3D71E50D24FAC6020061B556 /* LogInMenuViewController.swift */; };
		3D71E51024FAC6020061B556 /* LogInMenuViewController.xib in Resources */ = {isa = PBXBuildFile; fileRef = 3D71E50E24FAC6020061B556 /* LogInMenuViewController.xib */; };
		3D852D11250B5063003A98EB /* HomeResultResponse.swift in Sources */ = {isa = PBXBuildFile; fileRef = 3D852D10250B5063003A98EB /* HomeResultResponse.swift */; };
		3D852D13250B50FF003A98EB /* HomeDataManager.swift in Sources */ = {isa = PBXBuildFile; fileRef = 3D852D12250B50FF003A98EB /* HomeDataManager.swift */; };
		3DDFED1525095A9100944295 /* SelectSeatViewController.swift in Sources */ = {isa = PBXBuildFile; fileRef = 3DDFED1325095A9100944295 /* SelectSeatViewController.swift */; };
		3DDFED1625095A9100944295 /* SelectSeatViewController.xib in Resources */ = {isa = PBXBuildFile; fileRef = 3DDFED1425095A9100944295 /* SelectSeatViewController.xib */; };
		3DF2288E2501818100A7847F /* LoginResultResponse.swift in Sources */ = {isa = PBXBuildFile; fileRef = 3DF2288D2501818100A7847F /* LoginResultResponse.swift */; };
		BD75ABD82301B5F600E0FC7A /* NoticePopUp.swift in Sources */ = {isa = PBXBuildFile; fileRef = BD75ABD72301B5F600E0FC7A /* NoticePopUp.swift */; };
		BD75ABDA2301B73400E0FC7A /* NoticePopUpDelegate.swift in Sources */ = {isa = PBXBuildFile; fileRef = BD75ABD92301B73400E0FC7A /* NoticePopUpDelegate.swift */; };
		BD75ABDC2301B7B500E0FC7A /* NoticePopUp.storyboard in Resources */ = {isa = PBXBuildFile; fileRef = BD75ABDB2301B7B500E0FC7A /* NoticePopUp.storyboard */; };
		BD75ABDE2301BCE600E0FC7A /* MainDataManager.swift in Sources */ = {isa = PBXBuildFile; fileRef = BD75ABDD2301BCE600E0FC7A /* MainDataManager.swift */; };
		BD75ABE02301BE8200E0FC7A /* TutorialResponse.swift in Sources */ = {isa = PBXBuildFile; fileRef = BD75ABDF2301BE8200E0FC7A /* TutorialResponse.swift */; };
		BD9BF17322F9C3D5009E47EB /* BaseViewController.swift in Sources */ = {isa = PBXBuildFile; fileRef = BD9BF17222F9C3D5009E47EB /* BaseViewController.swift */; };
		BD9BF17522F9C494009E47EB /* CusomIndicatorView.swift in Sources */ = {isa = PBXBuildFile; fileRef = BD9BF17422F9C494009E47EB /* CusomIndicatorView.swift */; };
		BD9BF17822F9C6CF009E47EB /* UIColor.swift in Sources */ = {isa = PBXBuildFile; fileRef = BD9BF17722F9C6CF009E47EB /* UIColor.swift */; };
		BD9BF17A22F9C6FF009E47EB /* UIButton.swift in Sources */ = {isa = PBXBuildFile; fileRef = BD9BF17922F9C6FF009E47EB /* UIButton.swift */; };
		BD9BF17C22F9C737009E47EB /* UIViewController.swift in Sources */ = {isa = PBXBuildFile; fileRef = BD9BF17B22F9C737009E47EB /* UIViewController.swift */; };
		BD9BF17E22F9CD60009E47EB /* ColorPalette.swift in Sources */ = {isa = PBXBuildFile; fileRef = BD9BF17D22F9CD60009E47EB /* ColorPalette.swift */; };
		BD9BF18022F9CDEF009E47EB /* String.swift in Sources */ = {isa = PBXBuildFile; fileRef = BD9BF17F22F9CDEF009E47EB /* String.swift */; };
		BD9BF18322F9D1A4009E47EB /* SplashViewController.swift in Sources */ = {isa = PBXBuildFile; fileRef = BD9BF18122F9D1A4009E47EB /* SplashViewController.swift */; };
		BD9BF18422F9D1A4009E47EB /* SplashViewController.xib in Resources */ = {isa = PBXBuildFile; fileRef = BD9BF18222F9D1A4009E47EB /* SplashViewController.xib */; };
		BD9BF18722F9DCC7009E47EB /* MainViewController.swift in Sources */ = {isa = PBXBuildFile; fileRef = BD9BF18522F9DCC7009E47EB /* MainViewController.swift */; };
		BD9BF18822F9DCC7009E47EB /* MainViewController.xib in Resources */ = {isa = PBXBuildFile; fileRef = BD9BF18622F9DCC7009E47EB /* MainViewController.xib */; };
		BDEF322F22F9B7CB00FEF8BD /* AppDelegate.swift in Sources */ = {isa = PBXBuildFile; fileRef = BDEF322E22F9B7CB00FEF8BD /* AppDelegate.swift */; };
		BDEF323722F9B7CB00FEF8BD /* ios.xcdatamodeld in Sources */ = {isa = PBXBuildFile; fileRef = BDEF323522F9B7CB00FEF8BD /* ios.xcdatamodeld */; };
		BDEF323922F9B7CB00FEF8BD /* Assets.xcassets in Resources */ = {isa = PBXBuildFile; fileRef = BDEF323822F9B7CB00FEF8BD /* Assets.xcassets */; };
		BDEF323C22F9B7CB00FEF8BD /* LaunchScreen.storyboard in Resources */ = {isa = PBXBuildFile; fileRef = BDEF323A22F9B7CB00FEF8BD /* LaunchScreen.storyboard */; };
		C7B0F461A33E2BA70527A7F9 /* Pods_ios.framework in Frameworks */ = {isa = PBXBuildFile; fileRef = 2F13293A0F781AAAF1DC9C8A /* Pods_ios.framework */; };
/* End PBXBuildFile section */

/* Begin PBXFileReference section */
		2F13293A0F781AAAF1DC9C8A /* Pods_ios.framework */ = {isa = PBXFileReference; explicitFileType = wrapper.framework; includeInIndex = 0; path = Pods_ios.framework; sourceTree = BUILT_PRODUCTS_DIR; };
		3D262C6D2508A981009A5288 /* TimeSeatCollectionViewCell.swift */ = {isa = PBXFileReference; lastKnownFileType = sourcecode.swift; path = TimeSeatCollectionViewCell.swift; sourceTree = "<group>"; };
		3D262C6E2508A981009A5288 /* TimeSeatCollectionViewCell.xib */ = {isa = PBXFileReference; lastKnownFileType = file.xib; path = TimeSeatCollectionViewCell.xib; sourceTree = "<group>"; };
		3D262C742508B554009A5288 /* ReserViewController.xib */ = {isa = PBXFileReference; lastKnownFileType = file.xib; path = ReserViewController.xib; sourceTree = "<group>"; };
		3D262C772508B925009A5288 /* SheetViewReserController.swift */ = {isa = PBXFileReference; lastKnownFileType = sourcecode.swift; path = SheetViewReserController.swift; sourceTree = "<group>"; };
		3D262C792508BF76009A5288 /* ReserViewController.swift */ = {isa = PBXFileReference; lastKnownFileType = sourcecode.swift; path = ReserViewController.swift; sourceTree = "<group>"; };
		3D2D39F9250A3DCC00B1B6D4 /* GetUserNameDataManager.swift */ = {isa = PBXFileReference; lastKnownFileType = sourcecode.swift; path = GetUserNameDataManager.swift; sourceTree = "<group>"; };
		3D2D39FE250A3F8900B1B6D4 /* GetNameResultResponse.swift */ = {isa = PBXFileReference; lastKnownFileType = sourcecode.swift; path = GetNameResultResponse.swift; sourceTree = "<group>"; };
		3D2D3A02250A58AE00B1B6D4 /* KakaopayViewController.swift */ = {isa = PBXFileReference; lastKnownFileType = sourcecode.swift; path = KakaopayViewController.swift; sourceTree = "<group>"; };
		3D2D3A03250A58AE00B1B6D4 /* KakaopayViewController.xib */ = {isa = PBXFileReference; lastKnownFileType = file.xib; path = KakaopayViewController.xib; sourceTree = "<group>"; };
		3D2D3A06250A5B9600B1B6D4 /* WebKit.framework */ = {isa = PBXFileReference; lastKnownFileType = wrapper.framework; name = WebKit.framework; path = System/Library/Frameworks/WebKit.framework; sourceTree = SDKROOT; };
		3D3169AA250172F700925D10 /* ResultResponse.swift */ = {isa = PBXFileReference; lastKnownFileType = sourcecode.swift; path = ResultResponse.swift; sourceTree = "<group>"; };
		3D3169AC2501735900925D10 /* SignUpDataManager.swift */ = {isa = PBXFileReference; lastKnownFileType = sourcecode.swift; path = SignUpDataManager.swift; sourceTree = "<group>"; };
		3D4BC24325025F9D00252FD7 /* LoginModel.swift */ = {isa = PBXFileReference; lastKnownFileType = sourcecode.swift; path = LoginModel.swift; sourceTree = "<group>"; };
		3D59191C24FAD6C6005CEAB6 /* HomeViewController.swift */ = {isa = PBXFileReference; lastKnownFileType = sourcecode.swift; path = HomeViewController.swift; sourceTree = "<group>"; };
		3D59191D24FAD6C6005CEAB6 /* HomeViewController.xib */ = {isa = PBXFileReference; lastKnownFileType = file.xib; path = HomeViewController.xib; sourceTree = "<group>"; };
		3D59192024FAF72C005CEAB6 /* SlideRight.swift */ = {isa = PBXFileReference; lastKnownFileType = sourcecode.swift; path = SlideRight.swift; sourceTree = "<group>"; };
		3D5B15A22505E8DE0072C8D2 /* SheetViewControllerHome.swift */ = {isa = PBXFileReference; lastKnownFileType = sourcecode.swift; path = SheetViewControllerHome.swift; sourceTree = "<group>"; };
		3D5B15A42505E90A0072C8D2 /* ContainerHomeViewController.swift */ = {isa = PBXFileReference; lastKnownFileType = sourcecode.swift; path = ContainerHomeViewController.swift; sourceTree = "<group>"; };
		3D5B15A52505E90A0072C8D2 /* ContainerHomeViewController.xib */ = {isa = PBXFileReference; lastKnownFileType = file.xib; path = ContainerHomeViewController.xib; sourceTree = "<group>"; };
		3D5B15A92506289D0072C8D2 /* SignUpModel.swift */ = {isa = PBXFileReference; lastKnownFileType = sourcecode.swift; path = SignUpModel.swift; sourceTree = "<group>"; };
		3D5B15AB250677B40072C8D2 /* SendPhoneAuthDataManager.swift */ = {isa = PBXFileReference; lastKnownFileType = sourcecode.swift; path = SendPhoneAuthDataManager.swift; sourceTree = "<group>"; };
		3D5B15AD250678250072C8D2 /* AuthModel.swift */ = {isa = PBXFileReference; lastKnownFileType = sourcecode.swift; path = AuthModel.swift; sourceTree = "<group>"; };
		3D5B15AF25068CE80072C8D2 /* PhoneAuth.swift */ = {isa = PBXFileReference; lastKnownFileType = sourcecode.swift; path = PhoneAuth.swift; sourceTree = "<group>"; };
		3D5B15B125068D4F0072C8D2 /* PhoneAuthDataManager.swift */ = {isa = PBXFileReference; lastKnownFileType = sourcecode.swift; path = PhoneAuthDataManager.swift; sourceTree = "<group>"; };
		3D5B15B825075E760072C8D2 /* MovieCollectionViewCell.swift */ = {isa = PBXFileReference; lastKnownFileType = sourcecode.swift; path = MovieCollectionViewCell.swift; sourceTree = "<group>"; };
		3D5B15B925075E760072C8D2 /* MovieCollectionViewCell.xib */ = {isa = PBXFileReference; lastKnownFileType = file.xib; path = MovieCollectionViewCell.xib; sourceTree = "<group>"; };
		3D5B15BD25076CDD0072C8D2 /* MoviePosterModel.swift */ = {isa = PBXFileReference; lastKnownFileType = sourcecode.swift; path = MoviePosterModel.swift; sourceTree = "<group>"; };
		3D5B15C025076D190072C8D2 /* MoviePosterResultResponse.swift */ = {isa = PBXFileReference; lastKnownFileType = sourcecode.swift; path = MoviePosterResultResponse.swift; sourceTree = "<group>"; };
		3D5B15C325076F450072C8D2 /* GetPosterDataManager.swift */ = {isa = PBXFileReference; lastKnownFileType = sourcecode.swift; path = GetPosterDataManager.swift; sourceTree = "<group>"; };
		3D5B15C62507A9B00072C8D2 /* TopTapViewController.swift */ = {isa = PBXFileReference; lastKnownFileType = sourcecode.swift; path = TopTapViewController.swift; sourceTree = "<group>"; };
		3D5B15C72507A9B00072C8D2 /* TopTapViewController.xib */ = {isa = PBXFileReference; lastKnownFileType = file.xib; path = TopTapViewController.xib; sourceTree = "<group>"; };
		3D5CB1EF24FE0FE000A12CF7 /* LInputViewController.swift */ = {isa = PBXFileReference; lastKnownFileType = sourcecode.swift; path = LInputViewController.swift; sourceTree = "<group>"; };
		3D5CB1F024FE0FE000A12CF7 /* LInputViewController.xib */ = {isa = PBXFileReference; lastKnownFileType = file.xib; path = LInputViewController.xib; sourceTree = "<group>"; };
		3D5CB1F424FE17B900A12CF7 /* CJ1ViewController.swift */ = {isa = PBXFileReference; lastKnownFileType = sourcecode.swift; path = CJ1ViewController.swift; sourceTree = "<group>"; };
		3D5CB1F524FE17B900A12CF7 /* CJ1ViewController.xib */ = {isa = PBXFileReference; lastKnownFileType = file.xib; path = CJ1ViewController.xib; sourceTree = "<group>"; };
		3D5DAD8C250B7E3D00FFAE96 /* CheckBox.swift */ = {isa = PBXFileReference; lastKnownFileType = sourcecode.swift; path = CheckBox.swift; sourceTree = "<group>"; };
		3D5DAD90250B971B00FFAE96 /* TokenModel.swift */ = {isa = PBXFileReference; lastKnownFileType = sourcecode.swift; path = TokenModel.swift; sourceTree = "<group>"; };
		3D617F4724FFBEE200EF92E0 /* TheaterRViewController.swift */ = {isa = PBXFileReference; lastKnownFileType = sourcecode.swift; path = TheaterRViewController.swift; sourceTree = "<group>"; };
		3D617F4824FFBEE200EF92E0 /* TheaterRViewController.xib */ = {isa = PBXFileReference; lastKnownFileType = file.xib; path = TheaterRViewController.xib; sourceTree = "<group>"; };
		3D617F4B24FFC21700EF92E0 /* TheaterRMainViewController.swift */ = {isa = PBXFileReference; lastKnownFileType = sourcecode.swift; path = TheaterRMainViewController.swift; sourceTree = "<group>"; };
		3D617F4C24FFC21700EF92E0 /* TheaterRMainViewController.xib */ = {isa = PBXFileReference; lastKnownFileType = file.xib; path = TheaterRMainViewController.xib; sourceTree = "<group>"; };
		3D617F552500B22100EF92E0 /* BottomSheetUsingFrames.swift */ = {isa = PBXFileReference; lastKnownFileType = sourcecode.swift; path = BottomSheetUsingFrames.swift; sourceTree = "<group>"; };
		3D617F572500B28600EF92E0 /* BottomSheetLauncher.swift */ = {isa = PBXFileReference; lastKnownFileType = sourcecode.swift; path = BottomSheetLauncher.swift; sourceTree = "<group>"; };
		3D617F592500B2B600EF92E0 /* NotchView.swift */ = {isa = PBXFileReference; lastKnownFileType = sourcecode.swift; path = NotchView.swift; sourceTree = "<group>"; };
		3D617F5D2500B33900EF92E0 /* UIViewController+Extension.swift */ = {isa = PBXFileReference; lastKnownFileType = sourcecode.swift; path = "UIViewController+Extension.swift"; sourceTree = "<group>"; };
		3D617F5F2500B3C300EF92E0 /* NotchViewController.swift */ = {isa = PBXFileReference; lastKnownFileType = sourcecode.swift; path = NotchViewController.swift; sourceTree = "<group>"; };
		3D617F632500B45700EF92E0 /* SheetViewController.swift */ = {isa = PBXFileReference; lastKnownFileType = sourcecode.swift; path = SheetViewController.swift; sourceTree = "<group>"; };
		3D617F652500C05F00EF92E0 /* ContainerViewController.swift */ = {isa = PBXFileReference; lastKnownFileType = sourcecode.swift; path = ContainerViewController.swift; sourceTree = "<group>"; };
		3D617F662500C05F00EF92E0 /* ContainerViewController.xib */ = {isa = PBXFileReference; lastKnownFileType = file.xib; path = ContainerViewController.xib; sourceTree = "<group>"; };
		3D617F6A250120C200EF92E0 /* SignInDataManager.swift */ = {isa = PBXFileReference; lastKnownFileType = sourcecode.swift; path = SignInDataManager.swift; sourceTree = "<group>"; };
		3D663361250B3BFB004634CC /* TopImageCollectionViewCell.swift */ = {isa = PBXFileReference; lastKnownFileType = sourcecode.swift; path = TopImageCollectionViewCell.swift; sourceTree = "<group>"; };
		3D663362250B3BFB004634CC /* TopImageCollectionViewCell.xib */ = {isa = PBXFileReference; lastKnownFileType = file.xib; path = TopImageCollectionViewCell.xib; sourceTree = "<group>"; };
		3D663367250B46DA004634CC /* ChartCollectionViewCell.swift */ = {isa = PBXFileReference; lastKnownFileType = sourcecode.swift; path = ChartCollectionViewCell.swift; sourceTree = "<group>"; };
		3D663368250B46DA004634CC /* ChartCollectionViewCell.xib */ = {isa = PBXFileReference; lastKnownFileType = file.xib; path = ChartCollectionViewCell.xib; sourceTree = "<group>"; };
		3D71E50D24FAC6020061B556 /* LogInMenuViewController.swift */ = {isa = PBXFileReference; lastKnownFileType = sourcecode.swift; path = LogInMenuViewController.swift; sourceTree = "<group>"; };
		3D71E50E24FAC6020061B556 /* LogInMenuViewController.xib */ = {isa = PBXFileReference; lastKnownFileType = file.xib; path = LogInMenuViewController.xib; sourceTree = "<group>"; };
		3D852D10250B5063003A98EB /* HomeResultResponse.swift */ = {isa = PBXFileReference; lastKnownFileType = sourcecode.swift; path = HomeResultResponse.swift; sourceTree = "<group>"; };
		3D852D12250B50FF003A98EB /* HomeDataManager.swift */ = {isa = PBXFileReference; lastKnownFileType = sourcecode.swift; path = HomeDataManager.swift; sourceTree = "<group>"; };
		3DDFED1325095A9100944295 /* SelectSeatViewController.swift */ = {isa = PBXFileReference; lastKnownFileType = sourcecode.swift; path = SelectSeatViewController.swift; sourceTree = "<group>"; };
		3DDFED1425095A9100944295 /* SelectSeatViewController.xib */ = {isa = PBXFileReference; lastKnownFileType = file.xib; path = SelectSeatViewController.xib; sourceTree = "<group>"; };
		3DF2288D2501818100A7847F /* LoginResultResponse.swift */ = {isa = PBXFileReference; lastKnownFileType = sourcecode.swift; path = LoginResultResponse.swift; sourceTree = "<group>"; };
		56DE891A8DE4AEB4ED1D1105 /* Pods-ios.release.xcconfig */ = {isa = PBXFileReference; includeInIndex = 1; lastKnownFileType = text.xcconfig; name = "Pods-ios.release.xcconfig"; path = "Target Support Files/Pods-ios/Pods-ios.release.xcconfig"; sourceTree = "<group>"; };
		BD75ABD72301B5F600E0FC7A /* NoticePopUp.swift */ = {isa = PBXFileReference; lastKnownFileType = sourcecode.swift; path = NoticePopUp.swift; sourceTree = "<group>"; };
		BD75ABD92301B73400E0FC7A /* NoticePopUpDelegate.swift */ = {isa = PBXFileReference; lastKnownFileType = sourcecode.swift; path = NoticePopUpDelegate.swift; sourceTree = "<group>"; };
		BD75ABDB2301B7B500E0FC7A /* NoticePopUp.storyboard */ = {isa = PBXFileReference; lastKnownFileType = file.storyboard; path = NoticePopUp.storyboard; sourceTree = "<group>"; };
		BD75ABDD2301BCE600E0FC7A /* MainDataManager.swift */ = {isa = PBXFileReference; lastKnownFileType = sourcecode.swift; path = MainDataManager.swift; sourceTree = "<group>"; };
		BD75ABDF2301BE8200E0FC7A /* TutorialResponse.swift */ = {isa = PBXFileReference; lastKnownFileType = sourcecode.swift; path = TutorialResponse.swift; sourceTree = "<group>"; };
		BD9BF17222F9C3D5009E47EB /* BaseViewController.swift */ = {isa = PBXFileReference; lastKnownFileType = sourcecode.swift; path = BaseViewController.swift; sourceTree = "<group>"; };
		BD9BF17422F9C494009E47EB /* CusomIndicatorView.swift */ = {isa = PBXFileReference; lastKnownFileType = sourcecode.swift; path = CusomIndicatorView.swift; sourceTree = "<group>"; };
		BD9BF17722F9C6CF009E47EB /* UIColor.swift */ = {isa = PBXFileReference; lastKnownFileType = sourcecode.swift; path = UIColor.swift; sourceTree = "<group>"; };
		BD9BF17922F9C6FF009E47EB /* UIButton.swift */ = {isa = PBXFileReference; lastKnownFileType = sourcecode.swift; path = UIButton.swift; sourceTree = "<group>"; };
		BD9BF17B22F9C737009E47EB /* UIViewController.swift */ = {isa = PBXFileReference; lastKnownFileType = sourcecode.swift; path = UIViewController.swift; sourceTree = "<group>"; };
		BD9BF17D22F9CD60009E47EB /* ColorPalette.swift */ = {isa = PBXFileReference; lastKnownFileType = sourcecode.swift; path = ColorPalette.swift; sourceTree = "<group>"; };
		BD9BF17F22F9CDEF009E47EB /* String.swift */ = {isa = PBXFileReference; lastKnownFileType = sourcecode.swift; path = String.swift; sourceTree = "<group>"; };
		BD9BF18122F9D1A4009E47EB /* SplashViewController.swift */ = {isa = PBXFileReference; lastKnownFileType = sourcecode.swift; path = SplashViewController.swift; sourceTree = "<group>"; };
		BD9BF18222F9D1A4009E47EB /* SplashViewController.xib */ = {isa = PBXFileReference; lastKnownFileType = file.xib; path = SplashViewController.xib; sourceTree = "<group>"; };
		BD9BF18522F9DCC7009E47EB /* MainViewController.swift */ = {isa = PBXFileReference; lastKnownFileType = sourcecode.swift; path = MainViewController.swift; sourceTree = "<group>"; };
		BD9BF18622F9DCC7009E47EB /* MainViewController.xib */ = {isa = PBXFileReference; lastKnownFileType = file.xib; path = MainViewController.xib; sourceTree = "<group>"; };
		BDEF322B22F9B7CB00FEF8BD /* ios.app */ = {isa = PBXFileReference; explicitFileType = wrapper.application; includeInIndex = 0; path = ios.app; sourceTree = BUILT_PRODUCTS_DIR; };
		BDEF322E22F9B7CB00FEF8BD /* AppDelegate.swift */ = {isa = PBXFileReference; lastKnownFileType = sourcecode.swift; path = AppDelegate.swift; sourceTree = "<group>"; };
		BDEF323622F9B7CB00FEF8BD /* ios.xcdatamodel */ = {isa = PBXFileReference; lastKnownFileType = wrapper.xcdatamodel; path = ios.xcdatamodel; sourceTree = "<group>"; };
		BDEF323822F9B7CB00FEF8BD /* Assets.xcassets */ = {isa = PBXFileReference; lastKnownFileType = folder.assetcatalog; path = Assets.xcassets; sourceTree = "<group>"; };
		BDEF323B22F9B7CB00FEF8BD /* Base */ = {isa = PBXFileReference; lastKnownFileType = file.storyboard; name = Base; path = Base.lproj/LaunchScreen.storyboard; sourceTree = "<group>"; };
		BDEF323D22F9B7CB00FEF8BD /* Info.plist */ = {isa = PBXFileReference; lastKnownFileType = text.plist.xml; path = Info.plist; sourceTree = "<group>"; };
		D52E2D8320870120DBBF4DF3 /* Pods-ios.debug.xcconfig */ = {isa = PBXFileReference; includeInIndex = 1; lastKnownFileType = text.xcconfig; name = "Pods-ios.debug.xcconfig"; path = "Target Support Files/Pods-ios/Pods-ios.debug.xcconfig"; sourceTree = "<group>"; };
/* End PBXFileReference section */

/* Begin PBXFrameworksBuildPhase section */
		BDEF322822F9B7CB00FEF8BD /* Frameworks */ = {
			isa = PBXFrameworksBuildPhase;
			buildActionMask = 2147483647;
			files = (
				3D2D3A07250A5B9600B1B6D4 /* WebKit.framework in Frameworks */,
				C7B0F461A33E2BA70527A7F9 /* Pods_ios.framework in Frameworks */,
			);
			runOnlyForDeploymentPostprocessing = 0;
		};
/* End PBXFrameworksBuildPhase section */

/* Begin PBXGroup section */
		1E6F8D1136275E5E1F4E8B48 /* Pods */ = {
			isa = PBXGroup;
			children = (
				D52E2D8320870120DBBF4DF3 /* Pods-ios.debug.xcconfig */,
				56DE891A8DE4AEB4ED1D1105 /* Pods-ios.release.xcconfig */,
			);
			path = Pods;
			sourceTree = "<group>";
		};
		3D2D39F8250A3D9D00B1B6D4 /* DataManager */ = {
			isa = PBXGroup;
			children = (
				3D2D39F9250A3DCC00B1B6D4 /* GetUserNameDataManager.swift */,
			);
			path = DataManager;
			sourceTree = "<group>";
		};
		3D2D39FB250A3E5000B1B6D4 /* Entity */ = {
			isa = PBXGroup;
			children = (
				3D2D39FE250A3F8900B1B6D4 /* GetNameResultResponse.swift */,
			);
			path = Entity;
			sourceTree = "<group>";
		};
		3D2D3A00250A588700B1B6D4 /* KakaoPay */ = {
			isa = PBXGroup;
			children = (
				3D2D3A01250A589300B1B6D4 /* View */,
			);
			path = KakaoPay;
			sourceTree = "<group>";
		};
		3D2D3A01250A589300B1B6D4 /* View */ = {
			isa = PBXGroup;
			children = (
				3D2D3A02250A58AE00B1B6D4 /* KakaopayViewController.swift */,
				3D2D3A03250A58AE00B1B6D4 /* KakaopayViewController.xib */,
			);
			path = View;
			sourceTree = "<group>";
		};
		3D3169A82501729400925D10 /* DataManager */ = {
			isa = PBXGroup;
			children = (
				3D3169AC2501735900925D10 /* SignUpDataManager.swift */,
				3D5B15AB250677B40072C8D2 /* SendPhoneAuthDataManager.swift */,
				3D5B15B125068D4F0072C8D2 /* PhoneAuthDataManager.swift */,
			);
			path = DataManager;
			sourceTree = "<group>";
		};
		3D3169A9250172A500925D10 /* Entity */ = {
			isa = PBXGroup;
			children = (
				3D3169AA250172F700925D10 /* ResultResponse.swift */,
			);
			path = Entity;
			sourceTree = "<group>";
		};
		3D4BC24225025F6600252FD7 /* Model */ = {
			isa = PBXGroup;
			children = (
				3D4BC24325025F9D00252FD7 /* LoginModel.swift */,
			);
			path = Model;
			sourceTree = "<group>";
		};
		3D59191B24FAD6AB005CEAB6 /* Home */ = {
			isa = PBXGroup;
			children = (
				3D852D0F250B5041003A98EB /* Entity */,
				3D852D0E250B5029003A98EB /* DataManager */,
				3D663360250B3BB7004634CC /* CollectionCell */,
				3D59191C24FAD6C6005CEAB6 /* HomeViewController.swift */,
				3D59191D24FAD6C6005CEAB6 /* HomeViewController.xib */,
				3D59192024FAF72C005CEAB6 /* SlideRight.swift */,
			);
			path = Home;
			sourceTree = "<group>";
		};
		3D5B15A8250628850072C8D2 /* Model */ = {
			isa = PBXGroup;
			children = (
				3D5B15A92506289D0072C8D2 /* SignUpModel.swift */,
				3D5B15AD250678250072C8D2 /* AuthModel.swift */,
				3D5B15AF25068CE80072C8D2 /* PhoneAuth.swift */,
			);
			path = Model;
			sourceTree = "<group>";
		};
		3D5B15B3250749A60072C8D2 /* CollectionViewCell */ = {
			isa = PBXGroup;
			children = (
				3D5B15B825075E760072C8D2 /* MovieCollectionViewCell.swift */,
				3D5B15B925075E760072C8D2 /* MovieCollectionViewCell.xib */,
				3D262C6D2508A981009A5288 /* TimeSeatCollectionViewCell.swift */,
				3D262C6E2508A981009A5288 /* TimeSeatCollectionViewCell.xib */,
			);
			path = CollectionViewCell;
			sourceTree = "<group>";
		};
		3D5B15BC25076CC20072C8D2 /* Model */ = {
			isa = PBXGroup;
			children = (
				3D5B15BD25076CDD0072C8D2 /* MoviePosterModel.swift */,
			);
			path = Model;
			sourceTree = "<group>";
		};
		3D5B15BF25076D070072C8D2 /* Entity */ = {
			isa = PBXGroup;
			children = (
				3D5B15C025076D190072C8D2 /* MoviePosterResultResponse.swift */,
			);
			path = Entity;
			sourceTree = "<group>";
		};
		3D5B15C225076F200072C8D2 /* DataManager */ = {
			isa = PBXGroup;
			children = (
				3D5B15C325076F450072C8D2 /* GetPosterDataManager.swift */,
			);
			path = DataManager;
			sourceTree = "<group>";
		};
		3D5B15C52507A1250072C8D2 /* TabBar */ = {
			isa = PBXGroup;
			children = (
				3D5B15C62507A9B00072C8D2 /* TopTapViewController.swift */,
				3D5B15C72507A9B00072C8D2 /* TopTapViewController.xib */,
			);
			path = TabBar;
			sourceTree = "<group>";
		};
		3D5B15CA2507C09D0072C8D2 /* TabSegmnetView */ = {
			isa = PBXGroup;
			children = (
			);
			path = TabSegmnetView;
			sourceTree = "<group>";
		};
		3D5B15CB2507C0D90072C8D2 /* BottomPop */ = {
			isa = PBXGroup;
			children = (
				3D617F4724FFBEE200EF92E0 /* TheaterRViewController.swift */,
				3D617F4824FFBEE200EF92E0 /* TheaterRViewController.xib */,
			);
			path = BottomPop;
			sourceTree = "<group>";
		};
		3D5CB1EA24FDFF2C00A12CF7 /* LogIn */ = {
			isa = PBXGroup;
			children = (
				3D4BC24225025F6600252FD7 /* Model */,
				3DF2288C250180E900A7847F /* Entity */,
				3D617F69250120A300EF92E0 /* DataManager */,
				3D5CB1EF24FE0FE000A12CF7 /* LInputViewController.swift */,
				3D5CB1F024FE0FE000A12CF7 /* LInputViewController.xib */,
			);
			path = LogIn;
			sourceTree = "<group>";
		};
		3D5CB1F324FE179400A12CF7 /* CJONE1 */ = {
			isa = PBXGroup;
			children = (
				3D5B15A8250628850072C8D2 /* Model */,
				3D3169A9250172A500925D10 /* Entity */,
				3D3169A82501729400925D10 /* DataManager */,
				3D5CB1F424FE17B900A12CF7 /* CJ1ViewController.swift */,
				3D5CB1F524FE17B900A12CF7 /* CJ1ViewController.xib */,
			);
			path = CJONE1;
			sourceTree = "<group>";
		};
		3D5DAD8E250B7EB900FFAE96 /* CheckBox */ = {
			isa = PBXGroup;
			children = (
				3D5DAD8C250B7E3D00FFAE96 /* CheckBox.swift */,
			);
			path = CheckBox;
			sourceTree = "<group>";
		};
		3D5DAD8F250B970B00FFAE96 /* Model */ = {
			isa = PBXGroup;
			children = (
				3D5DAD90250B971B00FFAE96 /* TokenModel.swift */,
			);
			path = Model;
			sourceTree = "<group>";
		};
		3D617F4624FFBEB900EF92E0 /* TheaterReservation */ = {
			isa = PBXGroup;
			children = (
				3D617F4B24FFC21700EF92E0 /* TheaterRMainViewController.swift */,
				3D617F4C24FFC21700EF92E0 /* TheaterRMainViewController.xib */,
				3D5B15CB2507C0D90072C8D2 /* BottomPop */,
				3D5B15CA2507C09D0072C8D2 /* TabSegmnetView */,
				3D5B15C52507A1250072C8D2 /* TabBar */,
				3D5B15C225076F200072C8D2 /* DataManager */,
				3D5B15BF25076D070072C8D2 /* Entity */,
				3D5B15BC25076CC20072C8D2 /* Model */,
				3D5B15B3250749A60072C8D2 /* CollectionViewCell */,
				3DDFED1325095A9100944295 /* SelectSeatViewController.swift */,
				3DDFED1425095A9100944295 /* SelectSeatViewController.xib */,
			);
			path = TheaterReservation;
			sourceTree = "<group>";
		};
		3D617F532500B1EC00EF92E0 /* SheetView */ = {
			isa = PBXGroup;
			children = (
				3D617F5C2500B31000EF92E0 /* Extensions */,
				3D617F5B2500B30500EF92E0 /* controller */,
				3D617F542500B1FD00EF92E0 /* View */,
			);
			path = SheetView;
			sourceTree = "<group>";
		};
		3D617F542500B1FD00EF92E0 /* View */ = {
			isa = PBXGroup;
			children = (
				3D5B15A52505E90A0072C8D2 /* ContainerHomeViewController.xib */,
				3D617F662500C05F00EF92E0 /* ContainerViewController.xib */,
				3D262C742508B554009A5288 /* ReserViewController.xib */,
				3D617F552500B22100EF92E0 /* BottomSheetUsingFrames.swift */,
				3D617F572500B28600EF92E0 /* BottomSheetLauncher.swift */,
				3D617F592500B2B600EF92E0 /* NotchView.swift */,
			);
			path = View;
			sourceTree = "<group>";
		};
		3D617F5B2500B30500EF92E0 /* controller */ = {
			isa = PBXGroup;
			children = (
				3D617F5F2500B3C300EF92E0 /* NotchViewController.swift */,
				3D617F632500B45700EF92E0 /* SheetViewController.swift */,
				3D617F652500C05F00EF92E0 /* ContainerViewController.swift */,
				3D5B15A22505E8DE0072C8D2 /* SheetViewControllerHome.swift */,
				3D5B15A42505E90A0072C8D2 /* ContainerHomeViewController.swift */,
				3D262C772508B925009A5288 /* SheetViewReserController.swift */,
				3D262C792508BF76009A5288 /* ReserViewController.swift */,
			);
			path = controller;
			sourceTree = "<group>";
		};
		3D617F5C2500B31000EF92E0 /* Extensions */ = {
			isa = PBXGroup;
			children = (
				3D617F5D2500B33900EF92E0 /* UIViewController+Extension.swift */,
			);
			path = Extensions;
			sourceTree = "<group>";
		};
		3D617F69250120A300EF92E0 /* DataManager */ = {
			isa = PBXGroup;
			children = (
				3D617F6A250120C200EF92E0 /* SignInDataManager.swift */,
			);
			path = DataManager;
			sourceTree = "<group>";
		};
		3D663360250B3BB7004634CC /* CollectionCell */ = {
			isa = PBXGroup;
			children = (
				3D663361250B3BFB004634CC /* TopImageCollectionViewCell.swift */,
				3D663362250B3BFB004634CC /* TopImageCollectionViewCell.xib */,
				3D663367250B46DA004634CC /* ChartCollectionViewCell.swift */,
				3D663368250B46DA004634CC /* ChartCollectionViewCell.xib */,
			);
			path = CollectionCell;
			sourceTree = "<group>";
		};
		3D71E50C24FAC5C70061B556 /* LogInMenu */ = {
			isa = PBXGroup;
			children = (
				3D5DAD8F250B970B00FFAE96 /* Model */,
				3D2D39FB250A3E5000B1B6D4 /* Entity */,
				3D2D39F8250A3D9D00B1B6D4 /* DataManager */,
				3D71E50D24FAC6020061B556 /* LogInMenuViewController.swift */,
				3D71E50E24FAC6020061B556 /* LogInMenuViewController.xib */,
			);
			path = LogInMenu;
			sourceTree = "<group>";
		};
		3D852D0E250B5029003A98EB /* DataManager */ = {
			isa = PBXGroup;
			children = (
				3D852D12250B50FF003A98EB /* HomeDataManager.swift */,
			);
			path = DataManager;
			sourceTree = "<group>";
		};
		3D852D0F250B5041003A98EB /* Entity */ = {
			isa = PBXGroup;
			children = (
				3D852D10250B5063003A98EB /* HomeResultResponse.swift */,
			);
			path = Entity;
			sourceTree = "<group>";
		};
		3DF2288C250180E900A7847F /* Entity */ = {
			isa = PBXGroup;
			children = (
				3DF2288D2501818100A7847F /* LoginResultResponse.swift */,
			);
			path = Entity;
			sourceTree = "<group>";
		};
		596D99A16687EBAF37438401 /* Frameworks */ = {
			isa = PBXGroup;
			children = (
				3D2D3A06250A5B9600B1B6D4 /* WebKit.framework */,
				2F13293A0F781AAAF1DC9C8A /* Pods_ios.framework */,
			);
			name = Frameworks;
			sourceTree = "<group>";
		};
		BD75ABD42301B3FB00E0FC7A /* PopUp */ = {
			isa = PBXGroup;
			children = (
				BD75ABD72301B5F600E0FC7A /* NoticePopUp.swift */,
				BD75ABD92301B73400E0FC7A /* NoticePopUpDelegate.swift */,
				BD75ABDB2301B7B500E0FC7A /* NoticePopUp.storyboard */,
			);
			path = PopUp;
			sourceTree = "<group>";
		};
		BD75ABD52301B40B00E0FC7A /* DataManager */ = {
			isa = PBXGroup;
			children = (
				BD75ABDD2301BCE600E0FC7A /* MainDataManager.swift */,
			);
			path = DataManager;
			sourceTree = "<group>";
		};
		BD75ABD62301B42900E0FC7A /* Entity */ = {
			isa = PBXGroup;
			children = (
				BD75ABDF2301BE8200E0FC7A /* TutorialResponse.swift */,
			);
			path = Entity;
			sourceTree = "<group>";
		};
		BD9BF16F22F9C314009E47EB /* Main */ = {
			isa = PBXGroup;
			children = (
				BD75ABD62301B42900E0FC7A /* Entity */,
				BD75ABD52301B40B00E0FC7A /* DataManager */,
				BD75ABD42301B3FB00E0FC7A /* PopUp */,
				BD9BF18522F9DCC7009E47EB /* MainViewController.swift */,
				BD9BF18622F9DCC7009E47EB /* MainViewController.xib */,
			);
			path = Main;
			sourceTree = "<group>";
		};
		BD9BF17022F9C318009E47EB /* Splash */ = {
			isa = PBXGroup;
			children = (
				BD9BF18122F9D1A4009E47EB /* SplashViewController.swift */,
				BD9BF18222F9D1A4009E47EB /* SplashViewController.xib */,
			);
			path = Splash;
			sourceTree = "<group>";
		};
		BD9BF17122F9C31D009E47EB /* config */ = {
			isa = PBXGroup;
			children = (
				BD9BF17622F9C6BA009E47EB /* extensions */,
				BD9BF17222F9C3D5009E47EB /* BaseViewController.swift */,
				BD9BF17422F9C494009E47EB /* CusomIndicatorView.swift */,
				BD9BF17D22F9CD60009E47EB /* ColorPalette.swift */,
			);
			path = config;
			sourceTree = "<group>";
		};
		BD9BF17622F9C6BA009E47EB /* extensions */ = {
			isa = PBXGroup;
			children = (
				BD9BF17722F9C6CF009E47EB /* UIColor.swift */,
				BD9BF17922F9C6FF009E47EB /* UIButton.swift */,
				BD9BF17B22F9C737009E47EB /* UIViewController.swift */,
				BD9BF17F22F9CDEF009E47EB /* String.swift */,
			);
			path = extensions;
			sourceTree = "<group>";
		};
		BDEF322222F9B7CA00FEF8BD = {
			isa = PBXGroup;
			children = (
				BDEF322D22F9B7CB00FEF8BD /* ios */,
				BDEF322C22F9B7CB00FEF8BD /* Products */,
				1E6F8D1136275E5E1F4E8B48 /* Pods */,
				596D99A16687EBAF37438401 /* Frameworks */,
			);
			sourceTree = "<group>";
		};
		BDEF322C22F9B7CB00FEF8BD /* Products */ = {
			isa = PBXGroup;
			children = (
				BDEF322B22F9B7CB00FEF8BD /* ios.app */,
			);
			name = Products;
			sourceTree = "<group>";
		};
		BDEF322D22F9B7CB00FEF8BD /* ios */ = {
			isa = PBXGroup;
			children = (
				BD9BF17122F9C31D009E47EB /* config */,
				3D5DAD8E250B7EB900FFAE96 /* CheckBox */,
				3D2D3A00250A588700B1B6D4 /* KakaoPay */,
				3D617F532500B1EC00EF92E0 /* SheetView */,
				3D617F4624FFBEB900EF92E0 /* TheaterReservation */,
				BD9BF17022F9C318009E47EB /* Splash */,
				BD9BF16F22F9C314009E47EB /* Main */,
				3D59191B24FAD6AB005CEAB6 /* Home */,
				3D71E50C24FAC5C70061B556 /* LogInMenu */,
				3D5CB1EA24FDFF2C00A12CF7 /* LogIn */,
				3D5CB1F324FE179400A12CF7 /* CJONE1 */,
				BDEF322E22F9B7CB00FEF8BD /* AppDelegate.swift */,
				BDEF323822F9B7CB00FEF8BD /* Assets.xcassets */,
				BDEF323A22F9B7CB00FEF8BD /* LaunchScreen.storyboard */,
				BDEF323D22F9B7CB00FEF8BD /* Info.plist */,
				BDEF323522F9B7CB00FEF8BD /* ios.xcdatamodeld */,
			);
			path = ios;
			sourceTree = "<group>";
		};
/* End PBXGroup section */

/* Begin PBXNativeTarget section */
		BDEF322A22F9B7CB00FEF8BD /* ios */ = {
			isa = PBXNativeTarget;
			buildConfigurationList = BDEF325622F9B7CC00FEF8BD /* Build configuration list for PBXNativeTarget "ios" */;
			buildPhases = (
				CA7E1F2F9E66AD8729AB40D3 /* [CP] Check Pods Manifest.lock */,
				BDEF322722F9B7CB00FEF8BD /* Sources */,
				BDEF322822F9B7CB00FEF8BD /* Frameworks */,
				BDEF322922F9B7CB00FEF8BD /* Resources */,
				EB3A8A62B259469F3BDFE0AA /* [CP] Embed Pods Frameworks */,
			);
			buildRules = (
			);
			dependencies = (
			);
			name = ios;
			productName = ios;
			productReference = BDEF322B22F9B7CB00FEF8BD /* ios.app */;
			productType = "com.apple.product-type.application";
		};
/* End PBXNativeTarget section */

/* Begin PBXProject section */
		BDEF322322F9B7CB00FEF8BD /* Project object */ = {
			isa = PBXProject;
			attributes = {
				LastSwiftUpdateCheck = 1030;
				LastUpgradeCheck = 1030;
				ORGANIZATIONNAME = "Jerry Jung";
				TargetAttributes = {
					BDEF322A22F9B7CB00FEF8BD = {
						CreatedOnToolsVersion = 10.3;
					};
				};
			};
			buildConfigurationList = BDEF322622F9B7CB00FEF8BD /* Build configuration list for PBXProject "ios" */;
			compatibilityVersion = "Xcode 9.3";
			developmentRegion = en;
			hasScannedForEncodings = 0;
			knownRegions = (
				en,
				Base,
			);
			mainGroup = BDEF322222F9B7CA00FEF8BD;
			productRefGroup = BDEF322C22F9B7CB00FEF8BD /* Products */;
			projectDirPath = "";
			projectRoot = "";
			targets = (
				BDEF322A22F9B7CB00FEF8BD /* ios */,
			);
		};
/* End PBXProject section */

/* Begin PBXResourcesBuildPhase section */
		BDEF322922F9B7CB00FEF8BD /* Resources */ = {
			isa = PBXResourcesBuildPhase;
			buildActionMask = 2147483647;
			files = (
				3D5CB1F724FE17B900A12CF7 /* CJ1ViewController.xib in Resources */,
				BDEF323C22F9B7CB00FEF8BD /* LaunchScreen.storyboard in Resources */,
				3D262C702508A981009A5288 /* TimeSeatCollectionViewCell.xib in Resources */,
				3D617F682500C05F00EF92E0 /* ContainerViewController.xib in Resources */,
				3D2D3A05250A58AE00B1B6D4 /* KakaopayViewController.xib in Resources */,
				3D5CB1F224FE0FE000A12CF7 /* LInputViewController.xib in Resources */,
				3D262C762508B554009A5288 /* ReserViewController.xib in Resources */,
				BDEF323922F9B7CB00FEF8BD /* Assets.xcassets in Resources */,
				3D71E51024FAC6020061B556 /* LogInMenuViewController.xib in Resources */,
				3D5B15C92507A9B00072C8D2 /* TopTapViewController.xib in Resources */,
				3DDFED1625095A9100944295 /* SelectSeatViewController.xib in Resources */,
				3D617F4E24FFC21700EF92E0 /* TheaterRMainViewController.xib in Resources */,
				BD9BF18422F9D1A4009E47EB /* SplashViewController.xib in Resources */,
				BD9BF18822F9DCC7009E47EB /* MainViewController.xib in Resources */,
				3D617F4A24FFBEE200EF92E0 /* TheaterRViewController.xib in Resources */,
				3D5B15A72505E90A0072C8D2 /* ContainerHomeViewController.xib in Resources */,
				3D663364250B3BFB004634CC /* TopImageCollectionViewCell.xib in Resources */,
				3D59191F24FAD6C6005CEAB6 /* HomeViewController.xib in Resources */,
				BD75ABDC2301B7B500E0FC7A /* NoticePopUp.storyboard in Resources */,
				3D5B15BB25075E760072C8D2 /* MovieCollectionViewCell.xib in Resources */,
				3D66336A250B46DA004634CC /* ChartCollectionViewCell.xib in Resources */,
			);
			runOnlyForDeploymentPostprocessing = 0;
		};
/* End PBXResourcesBuildPhase section */

/* Begin PBXShellScriptBuildPhase section */
		CA7E1F2F9E66AD8729AB40D3 /* [CP] Check Pods Manifest.lock */ = {
			isa = PBXShellScriptBuildPhase;
			buildActionMask = 2147483647;
			files = (
			);
			inputFileListPaths = (
			);
			inputPaths = (
				"${PODS_PODFILE_DIR_PATH}/Podfile.lock",
				"${PODS_ROOT}/Manifest.lock",
			);
			name = "[CP] Check Pods Manifest.lock";
			outputFileListPaths = (
			);
			outputPaths = (
				"$(DERIVED_FILE_DIR)/Pods-ios-checkManifestLockResult.txt",
			);
			runOnlyForDeploymentPostprocessing = 0;
			shellPath = /bin/sh;
			shellScript = "diff \"${PODS_PODFILE_DIR_PATH}/Podfile.lock\" \"${PODS_ROOT}/Manifest.lock\" > /dev/null\nif [ $? != 0 ] ; then\n    # print error to STDERR\n    echo \"error: The sandbox is not in sync with the Podfile.lock. Run 'pod install' or update your CocoaPods installation.\" >&2\n    exit 1\nfi\n# This output is used by Xcode 'outputs' to avoid re-running this script phase.\necho \"SUCCESS\" > \"${SCRIPT_OUTPUT_FILE_0}\"\n";
			showEnvVarsInLog = 0;
		};
		EB3A8A62B259469F3BDFE0AA /* [CP] Embed Pods Frameworks */ = {
			isa = PBXShellScriptBuildPhase;
			buildActionMask = 2147483647;
			files = (
			);
			inputFileListPaths = (
				"${PODS_ROOT}/Target Support Files/Pods-ios/Pods-ios-frameworks-${CONFIGURATION}-input-files.xcfilelist",
			);
			name = "[CP] Embed Pods Frameworks";
			outputFileListPaths = (
				"${PODS_ROOT}/Target Support Files/Pods-ios/Pods-ios-frameworks-${CONFIGURATION}-output-files.xcfilelist",
			);
			runOnlyForDeploymentPostprocessing = 0;
			shellPath = /bin/sh;
			shellScript = "\"${PODS_ROOT}/Target Support Files/Pods-ios/Pods-ios-frameworks.sh\"\n";
			showEnvVarsInLog = 0;
		};
/* End PBXShellScriptBuildPhase section */

/* Begin PBXSourcesBuildPhase section */
		BDEF322722F9B7CB00FEF8BD /* Sources */ = {
			isa = PBXSourcesBuildPhase;
			buildActionMask = 2147483647;
			files = (
				3D617F5E2500B33900EF92E0 /* UIViewController+Extension.swift in Sources */,
				BDEF323722F9B7CB00FEF8BD /* ios.xcdatamodeld in Sources */,
				BD9BF18722F9DCC7009E47EB /* MainViewController.swift in Sources */,
				3D3169AD2501735900925D10 /* SignUpDataManager.swift in Sources */,
				BD9BF17822F9C6CF009E47EB /* UIColor.swift in Sources */,
				3D5B15A32505E8DE0072C8D2 /* SheetViewControllerHome.swift in Sources */,
				3D59191E24FAD6C6005CEAB6 /* HomeViewController.swift in Sources */,
				3D5CB1F124FE0FE000A12CF7 /* LInputViewController.swift in Sources */,
				3D617F642500B45700EF92E0 /* SheetViewController.swift in Sources */,
				BD9BF18022F9CDEF009E47EB /* String.swift in Sources */,
				3D5DAD91250B971B00FFAE96 /* TokenModel.swift in Sources */,
				3D852D11250B5063003A98EB /* HomeResultResponse.swift in Sources */,
				BD9BF17E22F9CD60009E47EB /* ColorPalette.swift in Sources */,
				3D262C6F2508A981009A5288 /* TimeSeatCollectionViewCell.swift in Sources */,
				3D59192124FAF72C005CEAB6 /* SlideRight.swift in Sources */,
				3D617F4D24FFC21700EF92E0 /* TheaterRMainViewController.swift in Sources */,
				3D617F582500B28600EF92E0 /* BottomSheetLauncher.swift in Sources */,
				3D617F602500B3C300EF92E0 /* NotchViewController.swift in Sources */,
				3D5B15C125076D190072C8D2 /* MoviePosterResultResponse.swift in Sources */,
				3D262C7A2508BF76009A5288 /* ReserViewController.swift in Sources */,
				BD9BF17322F9C3D5009E47EB /* BaseViewController.swift in Sources */,
				3D4BC24425025F9D00252FD7 /* LoginModel.swift in Sources */,
				3D2D3A04250A58AE00B1B6D4 /* KakaopayViewController.swift in Sources */,
				3DF2288E2501818100A7847F /* LoginResultResponse.swift in Sources */,
				3D2D39FF250A3F8900B1B6D4 /* GetNameResultResponse.swift in Sources */,
				3D5B15A62505E90A0072C8D2 /* ContainerHomeViewController.swift in Sources */,
				3D617F6B250120C200EF92E0 /* SignInDataManager.swift in Sources */,
				3D617F5A2500B2B600EF92E0 /* NotchView.swift in Sources */,
				3D2D39FA250A3DCC00B1B6D4 /* GetUserNameDataManager.swift in Sources */,
				3D5B15C82507A9B00072C8D2 /* TopTapViewController.swift in Sources */,
				BD75ABDE2301BCE600E0FC7A /* MainDataManager.swift in Sources */,
				3D5B15C425076F450072C8D2 /* GetPosterDataManager.swift in Sources */,
				BD75ABDA2301B73400E0FC7A /* NoticePopUpDelegate.swift in Sources */,
				3D663369250B46DA004634CC /* ChartCollectionViewCell.swift in Sources */,
				3D5CB1F624FE17B900A12CF7 /* CJ1ViewController.swift in Sources */,
				BD9BF17522F9C494009E47EB /* CusomIndicatorView.swift in Sources */,
				3D617F4924FFBEE200EF92E0 /* TheaterRViewController.swift in Sources */,
				3D262C782508B925009A5288 /* SheetViewReserController.swift in Sources */,
				3D5B15BA25075E760072C8D2 /* MovieCollectionViewCell.swift in Sources */,
				BD9BF17A22F9C6FF009E47EB /* UIButton.swift in Sources */,
				BD9BF17C22F9C737009E47EB /* UIViewController.swift in Sources */,
				3DDFED1525095A9100944295 /* SelectSeatViewController.swift in Sources */,
				3D5B15BE25076CDD0072C8D2 /* MoviePosterModel.swift in Sources */,
				3D5B15B225068D4F0072C8D2 /* PhoneAuthDataManager.swift in Sources */,
				3D617F672500C05F00EF92E0 /* ContainerViewController.swift in Sources */,
				3D5DAD8D250B7E3D00FFAE96 /* CheckBox.swift in Sources */,
				3D5B15AE250678250072C8D2 /* AuthModel.swift in Sources */,
				3D617F562500B22100EF92E0 /* BottomSheetUsingFrames.swift in Sources */,
				3D5B15AA2506289D0072C8D2 /* SignUpModel.swift in Sources */,
				BD75ABE02301BE8200E0FC7A /* TutorialResponse.swift in Sources */,
				3D71E50F24FAC6020061B556 /* LogInMenuViewController.swift in Sources */,
				3D5B15B025068CE80072C8D2 /* PhoneAuth.swift in Sources */,
				BDEF322F22F9B7CB00FEF8BD /* AppDelegate.swift in Sources */,
				3D3169AB250172F700925D10 /* ResultResponse.swift in Sources */,
				3D663363250B3BFB004634CC /* TopImageCollectionViewCell.swift in Sources */,
				3D5B15AC250677B40072C8D2 /* SendPhoneAuthDataManager.swift in Sources */,
				BD75ABD82301B5F600E0FC7A /* NoticePopUp.swift in Sources */,
				3D852D13250B50FF003A98EB /* HomeDataManager.swift in Sources */,
				BD9BF18322F9D1A4009E47EB /* SplashViewController.swift in Sources */,
			);
			runOnlyForDeploymentPostprocessing = 0;
		};
/* End PBXSourcesBuildPhase section */

/* Begin PBXVariantGroup section */
		BDEF323A22F9B7CB00FEF8BD /* LaunchScreen.storyboard */ = {
			isa = PBXVariantGroup;
			children = (
				BDEF323B22F9B7CB00FEF8BD /* Base */,
			);
			name = LaunchScreen.storyboard;
			sourceTree = "<group>";
		};
/* End PBXVariantGroup section */

/* Begin XCBuildConfiguration section */
		BDEF325422F9B7CC00FEF8BD /* Debug */ = {
			isa = XCBuildConfiguration;
			buildSettings = {
				ALWAYS_SEARCH_USER_PATHS = NO;
				CLANG_ANALYZER_NONNULL = YES;
				CLANG_ANALYZER_NUMBER_OBJECT_CONVERSION = YES_AGGRESSIVE;
				CLANG_CXX_LANGUAGE_STANDARD = "gnu++14";
				CLANG_CXX_LIBRARY = "libc++";
				CLANG_ENABLE_MODULES = YES;
				CLANG_ENABLE_OBJC_ARC = YES;
				CLANG_ENABLE_OBJC_WEAK = YES;
				CLANG_WARN_BLOCK_CAPTURE_AUTORELEASING = YES;
				CLANG_WARN_BOOL_CONVERSION = YES;
				CLANG_WARN_COMMA = YES;
				CLANG_WARN_CONSTANT_CONVERSION = YES;
				CLANG_WARN_DEPRECATED_OBJC_IMPLEMENTATIONS = YES;
				CLANG_WARN_DIRECT_OBJC_ISA_USAGE = YES_ERROR;
				CLANG_WARN_DOCUMENTATION_COMMENTS = YES;
				CLANG_WARN_EMPTY_BODY = YES;
				CLANG_WARN_ENUM_CONVERSION = YES;
				CLANG_WARN_INFINITE_RECURSION = YES;
				CLANG_WARN_INT_CONVERSION = YES;
				CLANG_WARN_NON_LITERAL_NULL_CONVERSION = YES;
				CLANG_WARN_OBJC_IMPLICIT_RETAIN_SELF = YES;
				CLANG_WARN_OBJC_LITERAL_CONVERSION = YES;
				CLANG_WARN_OBJC_ROOT_CLASS = YES_ERROR;
				CLANG_WARN_RANGE_LOOP_ANALYSIS = YES;
				CLANG_WARN_STRICT_PROTOTYPES = YES;
				CLANG_WARN_SUSPICIOUS_MOVE = YES;
				CLANG_WARN_UNGUARDED_AVAILABILITY = YES_AGGRESSIVE;
				CLANG_WARN_UNREACHABLE_CODE = YES;
				CLANG_WARN__DUPLICATE_METHOD_MATCH = YES;
				CODE_SIGN_IDENTITY = "iPhone Developer";
				COPY_PHASE_STRIP = NO;
				DEBUG_INFORMATION_FORMAT = dwarf;
				ENABLE_STRICT_OBJC_MSGSEND = YES;
				ENABLE_TESTABILITY = YES;
				GCC_C_LANGUAGE_STANDARD = gnu11;
				GCC_DYNAMIC_NO_PIC = NO;
				GCC_NO_COMMON_BLOCKS = YES;
				GCC_OPTIMIZATION_LEVEL = 0;
				GCC_PREPROCESSOR_DEFINITIONS = (
					"DEBUG=1",
					"$(inherited)",
				);
				GCC_WARN_64_TO_32_BIT_CONVERSION = YES;
				GCC_WARN_ABOUT_RETURN_TYPE = YES_ERROR;
				GCC_WARN_UNDECLARED_SELECTOR = YES;
				GCC_WARN_UNINITIALIZED_AUTOS = YES_AGGRESSIVE;
				GCC_WARN_UNUSED_FUNCTION = YES;
				GCC_WARN_UNUSED_VARIABLE = YES;
				IPHONEOS_DEPLOYMENT_TARGET = 12.4;
				MTL_ENABLE_DEBUG_INFO = INCLUDE_SOURCE;
				MTL_FAST_MATH = YES;
				ONLY_ACTIVE_ARCH = YES;
				SDKROOT = iphoneos;
				SWIFT_ACTIVE_COMPILATION_CONDITIONS = DEBUG;
				SWIFT_OPTIMIZATION_LEVEL = "-Onone";
			};
			name = Debug;
		};
		BDEF325522F9B7CC00FEF8BD /* Release */ = {
			isa = XCBuildConfiguration;
			buildSettings = {
				ALWAYS_SEARCH_USER_PATHS = NO;
				CLANG_ANALYZER_NONNULL = YES;
				CLANG_ANALYZER_NUMBER_OBJECT_CONVERSION = YES_AGGRESSIVE;
				CLANG_CXX_LANGUAGE_STANDARD = "gnu++14";
				CLANG_CXX_LIBRARY = "libc++";
				CLANG_ENABLE_MODULES = YES;
				CLANG_ENABLE_OBJC_ARC = YES;
				CLANG_ENABLE_OBJC_WEAK = YES;
				CLANG_WARN_BLOCK_CAPTURE_AUTORELEASING = YES;
				CLANG_WARN_BOOL_CONVERSION = YES;
				CLANG_WARN_COMMA = YES;
				CLANG_WARN_CONSTANT_CONVERSION = YES;
				CLANG_WARN_DEPRECATED_OBJC_IMPLEMENTATIONS = YES;
				CLANG_WARN_DIRECT_OBJC_ISA_USAGE = YES_ERROR;
				CLANG_WARN_DOCUMENTATION_COMMENTS = YES;
				CLANG_WARN_EMPTY_BODY = YES;
				CLANG_WARN_ENUM_CONVERSION = YES;
				CLANG_WARN_INFINITE_RECURSION = YES;
				CLANG_WARN_INT_CONVERSION = YES;
				CLANG_WARN_NON_LITERAL_NULL_CONVERSION = YES;
				CLANG_WARN_OBJC_IMPLICIT_RETAIN_SELF = YES;
				CLANG_WARN_OBJC_LITERAL_CONVERSION = YES;
				CLANG_WARN_OBJC_ROOT_CLASS = YES_ERROR;
				CLANG_WARN_RANGE_LOOP_ANALYSIS = YES;
				CLANG_WARN_STRICT_PROTOTYPES = YES;
				CLANG_WARN_SUSPICIOUS_MOVE = YES;
				CLANG_WARN_UNGUARDED_AVAILABILITY = YES_AGGRESSIVE;
				CLANG_WARN_UNREACHABLE_CODE = YES;
				CLANG_WARN__DUPLICATE_METHOD_MATCH = YES;
				CODE_SIGN_IDENTITY = "iPhone Developer";
				COPY_PHASE_STRIP = NO;
				DEBUG_INFORMATION_FORMAT = "dwarf-with-dsym";
				ENABLE_NS_ASSERTIONS = NO;
				ENABLE_STRICT_OBJC_MSGSEND = YES;
				GCC_C_LANGUAGE_STANDARD = gnu11;
				GCC_NO_COMMON_BLOCKS = YES;
				GCC_WARN_64_TO_32_BIT_CONVERSION = YES;
				GCC_WARN_ABOUT_RETURN_TYPE = YES_ERROR;
				GCC_WARN_UNDECLARED_SELECTOR = YES;
				GCC_WARN_UNINITIALIZED_AUTOS = YES_AGGRESSIVE;
				GCC_WARN_UNUSED_FUNCTION = YES;
				GCC_WARN_UNUSED_VARIABLE = YES;
				IPHONEOS_DEPLOYMENT_TARGET = 12.4;
				MTL_ENABLE_DEBUG_INFO = NO;
				MTL_FAST_MATH = YES;
				SDKROOT = iphoneos;
				SWIFT_COMPILATION_MODE = wholemodule;
				SWIFT_OPTIMIZATION_LEVEL = "-O";
				VALIDATE_PRODUCT = YES;
			};
			name = Release;
		};
		BDEF325722F9B7CC00FEF8BD /* Debug */ = {
			isa = XCBuildConfiguration;
			baseConfigurationReference = D52E2D8320870120DBBF4DF3 /* Pods-ios.debug.xcconfig */;
			buildSettings = {
				ASSETCATALOG_COMPILER_APPICON_NAME = AppIcon;
				CODE_SIGN_STYLE = Automatic;
				DEVELOPMENT_TEAM = 69F5355JYF;
				INFOPLIST_FILE = "$(SRCROOT)/ios/Info.plist";
				IPHONEOS_DEPLOYMENT_TARGET = 12.4;
				LD_RUNPATH_SEARCH_PATHS = (
					"$(inherited)",
					"@executable_path/Frameworks",
				);
				PRODUCT_BUNDLE_IDENTIFIER = com.softsquared.template.ios;
				PRODUCT_NAME = ios;
				SWIFT_VERSION = 5.0;
				TARGETED_DEVICE_FAMILY = "1,2";
			};
			name = Debug;
		};
		BDEF325822F9B7CC00FEF8BD /* Release */ = {
			isa = XCBuildConfiguration;
			baseConfigurationReference = 56DE891A8DE4AEB4ED1D1105 /* Pods-ios.release.xcconfig */;
			buildSettings = {
				ASSETCATALOG_COMPILER_APPICON_NAME = AppIcon;
				CODE_SIGN_STYLE = Automatic;
				DEVELOPMENT_TEAM = 69F5355JYF;
				INFOPLIST_FILE = "$(SRCROOT)/ios/Info.plist";
				IPHONEOS_DEPLOYMENT_TARGET = 12.4;
				LD_RUNPATH_SEARCH_PATHS = (
					"$(inherited)",
					"@executable_path/Frameworks",
				);
				PRODUCT_BUNDLE_IDENTIFIER = com.softsquared.template.ios;
				PRODUCT_NAME = ios;
				SWIFT_VERSION = 5.0;
				TARGETED_DEVICE_FAMILY = "1,2";
			};
			name = Release;
		};
/* End XCBuildConfiguration section */

/* Begin XCConfigurationList section */
		BDEF322622F9B7CB00FEF8BD /* Build configuration list for PBXProject "ios" */ = {
			isa = XCConfigurationList;
			buildConfigurations = (
				BDEF325422F9B7CC00FEF8BD /* Debug */,
				BDEF325522F9B7CC00FEF8BD /* Release */,
			);
			defaultConfigurationIsVisible = 0;
			defaultConfigurationName = Release;
		};
		BDEF325622F9B7CC00FEF8BD /* Build configuration list for PBXNativeTarget "ios" */ = {
			isa = XCConfigurationList;
			buildConfigurations = (
				BDEF325722F9B7CC00FEF8BD /* Debug */,
				BDEF325822F9B7CC00FEF8BD /* Release */,
			);
			defaultConfigurationIsVisible = 0;
			defaultConfigurationName = Release;
		};
/* End XCConfigurationList section */

/* Begin XCVersionGroup section */
		BDEF323522F9B7CB00FEF8BD /* ios.xcdatamodeld */ = {
			isa = XCVersionGroup;
			children = (
				BDEF323622F9B7CB00FEF8BD /* ios.xcdatamodel */,
			);
			currentVersion = BDEF323622F9B7CB00FEF8BD /* ios.xcdatamodel */;
			path = ios.xcdatamodeld;
			sourceTree = "<group>";
			versionGroupType = wrapper.xcdatamodel;
		};
/* End XCVersionGroup section */
	};
	rootObject = BDEF322322F9B7CB00FEF8BD /* Project object */;
}
